// !$*UTF8*$!
{
	archiveVersion = 1;
	classes = {
	};
	objectVersion = 56;
	objects = {

/* Begin PBXBuildFile section */
		35767CCE2AB0B11500369834 /* VLCKitOpusSeekDemoApp.swift in Sources */ = {isa = PBXBuildFile; fileRef = 35767CCD2AB0B11500369834 /* VLCKitOpusSeekDemoApp.swift */; };
		35767CD02AB0B11500369834 /* ContentView.swift in Sources */ = {isa = PBXBuildFile; fileRef = 35767CCF2AB0B11500369834 /* ContentView.swift */; };
		35767CD22AB0B11500369834 /* Assets.xcassets in Resources */ = {isa = PBXBuildFile; fileRef = 35767CD12AB0B11500369834 /* Assets.xcassets */; };
		35767CD62AB0B11500369834 /* Preview Assets.xcassets in Resources */ = {isa = PBXBuildFile; fileRef = 35767CD52AB0B11500369834 /* Preview Assets.xcassets */; };
		35767CDD2AB0C60800369834 /* ehren-paper_lights-96.opus in Resources */ = {isa = PBXBuildFile; fileRef = 35767CDB2AB0C60700369834 /* ehren-paper_lights-96.opus */; };
		35767CDE2AB0C60800369834 /* ehren-paper_lights-96.LICENSE in Resources */ = {isa = PBXBuildFile; fileRef = 35767CDC2AB0C60700369834 /* ehren-paper_lights-96.LICENSE */; };
		46B95CBEA0CE4AF0B93AEF51 /* Pods_VLCKitOpusSeekDemo.framework in Frameworks */ = {isa = PBXBuildFile; fileRef = 90501FB43817CC52D55FD58F /* Pods_VLCKitOpusSeekDemo.framework */; };
/* End PBXBuildFile section */

/* Begin PBXFileReference section */
		35767CCB2AB0B11500369834 /* VLCKitOpusSeekDemo.app */ = {isa = PBXFileReference; explicitFileType = wrapper.application; includeInIndex = 0; path = VLCKitOpusSeekDemo.app; sourceTree = BUILT_PRODUCTS_DIR; };
		35767CCD2AB0B11500369834 /* VLCKitOpusSeekDemoApp.swift */ = {isa = PBXFileReference; lastKnownFileType = sourcecode.swift; path = VLCKitOpusSeekDemoApp.swift; sourceTree = "<group>"; };
		35767CCF2AB0B11500369834 /* ContentView.swift */ = {isa = PBXFileReference; lastKnownFileType = sourcecode.swift; path = ContentView.swift; sourceTree = "<group>"; };
		35767CD12AB0B11500369834 /* Assets.xcassets */ = {isa = PBXFileReference; lastKnownFileType = folder.assetcatalog; path = Assets.xcassets; sourceTree = "<group>"; };
		35767CD32AB0B11500369834 /* VLCKitOpusSeekDemo.entitlements */ = {isa = PBXFileReference; lastKnownFileType = text.plist.entitlements; path = VLCKitOpusSeekDemo.entitlements; sourceTree = "<group>"; };
		35767CD52AB0B11500369834 /* Preview Assets.xcassets */ = {isa = PBXFileReference; lastKnownFileType = folder.assetcatalog; path = "Preview Assets.xcassets"; sourceTree = "<group>"; };
		35767CDB2AB0C60700369834 /* ehren-paper_lights-96.opus */ = {isa = PBXFileReference; lastKnownFileType = file; path = "ehren-paper_lights-96.opus"; sourceTree = "<group>"; };
		35767CDC2AB0C60700369834 /* ehren-paper_lights-96.LICENSE */ = {isa = PBXFileReference; fileEncoding = 4; lastKnownFileType = text; path = "ehren-paper_lights-96.LICENSE"; sourceTree = "<group>"; };
		4858B4DFCDAF1EDD6847EEB6 /* Pods-VLCKitOpusSeekDemo.debug.xcconfig */ = {isa = PBXFileReference; includeInIndex = 1; lastKnownFileType = text.xcconfig; name = "Pods-VLCKitOpusSeekDemo.debug.xcconfig"; path = "Target Support Files/Pods-VLCKitOpusSeekDemo/Pods-VLCKitOpusSeekDemo.debug.xcconfig"; sourceTree = "<group>"; };
		90501FB43817CC52D55FD58F /* Pods_VLCKitOpusSeekDemo.framework */ = {isa = PBXFileReference; explicitFileType = wrapper.framework; includeInIndex = 0; path = Pods_VLCKitOpusSeekDemo.framework; sourceTree = BUILT_PRODUCTS_DIR; };
		DADFA269C59617178A263728 /* Pods-VLCKitOpusSeekDemo.release.xcconfig */ = {isa = PBXFileReference; includeInIndex = 1; lastKnownFileType = text.xcconfig; name = "Pods-VLCKitOpusSeekDemo.release.xcconfig"; path = "Target Support Files/Pods-VLCKitOpusSeekDemo/Pods-VLCKitOpusSeekDemo.release.xcconfig"; sourceTree = "<group>"; };
/* End PBXFileReference section */

/* Begin PBXFrameworksBuildPhase section */
		35767CC82AB0B11500369834 /* Frameworks */ = {
			isa = PBXFrameworksBuildPhase;
			buildActionMask = 2147483647;
			files = (
				46B95CBEA0CE4AF0B93AEF51 /* Pods_VLCKitOpusSeekDemo.framework in Frameworks */,
			);
			runOnlyForDeploymentPostprocessing = 0;
		};
/* End PBXFrameworksBuildPhase section */

/* Begin PBXGroup section */
		352B92FF2AB0B0A2004602BA = {
			isa = PBXGroup;
			children = (
				35767CCC2AB0B11500369834 /* VLCKitOpusSeekDemo */,
				35767CDA2AB0C60700369834 /* Resources */,
				352B93092AB0B0A2004602BA /* Products */,
				FFEE86C6EFF20799A50BC8E4 /* Pods */,
				7193F92EE803EB475223904D /* Frameworks */,
			);
			sourceTree = "<group>";
		};
		352B93092AB0B0A2004602BA /* Products */ = {
			isa = PBXGroup;
			children = (
				35767CCB2AB0B11500369834 /* VLCKitOpusSeekDemo.app */,
			);
			name = Products;
			sourceTree = "<group>";
		};
		35767CCC2AB0B11500369834 /* VLCKitOpusSeekDemo */ = {
			isa = PBXGroup;
			children = (
				35767CCD2AB0B11500369834 /* VLCKitOpusSeekDemoApp.swift */,
				35767CCF2AB0B11500369834 /* ContentView.swift */,
				35767CD12AB0B11500369834 /* Assets.xcassets */,
				35767CD32AB0B11500369834 /* VLCKitOpusSeekDemo.entitlements */,
				35767CD42AB0B11500369834 /* Preview Content */,
			);
			path = VLCKitOpusSeekDemo;
			sourceTree = "<group>";
		};
		35767CD42AB0B11500369834 /* Preview Content */ = {
			isa = PBXGroup;
			children = (
				35767CD52AB0B11500369834 /* Preview Assets.xcassets */,
			);
			path = "Preview Content";
			sourceTree = "<group>";
		};
		35767CDA2AB0C60700369834 /* Resources */ = {
			isa = PBXGroup;
			children = (
				35767CDB2AB0C60700369834 /* ehren-paper_lights-96.opus */,
				35767CDC2AB0C60700369834 /* ehren-paper_lights-96.LICENSE */,
			);
			path = Resources;
			sourceTree = "<group>";
		};
		7193F92EE803EB475223904D /* Frameworks */ = {
			isa = PBXGroup;
			children = (
				90501FB43817CC52D55FD58F /* Pods_VLCKitOpusSeekDemo.framework */,
			);
			name = Frameworks;
			sourceTree = "<group>";
		};
		FFEE86C6EFF20799A50BC8E4 /* Pods */ = {
			isa = PBXGroup;
			children = (
				4858B4DFCDAF1EDD6847EEB6 /* Pods-VLCKitOpusSeekDemo.debug.xcconfig */,
				DADFA269C59617178A263728 /* Pods-VLCKitOpusSeekDemo.release.xcconfig */,
			);
			path = Pods;
			sourceTree = "<group>";
		};
/* End PBXGroup section */

/* Begin PBXNativeTarget section */
		35767CCA2AB0B11500369834 /* VLCKitOpusSeekDemo */ = {
			isa = PBXNativeTarget;
			buildConfigurationList = 35767CD72AB0B11500369834 /* Build configuration list for PBXNativeTarget "VLCKitOpusSeekDemo" */;
			buildPhases = (
				2875A2C49204D4008A32E91E /* [CP] Check Pods Manifest.lock */,
				35767CC72AB0B11500369834 /* Sources */,
				35767CC82AB0B11500369834 /* Frameworks */,
				35767CC92AB0B11500369834 /* Resources */,
				537AD3DC240D53F637D429CA /* [CP] Embed Pods Frameworks */,
			);
			buildRules = (
			);
			dependencies = (
			);
			name = VLCKitOpusSeekDemo;
			productName = VLCKitOpusSeekDemo;
			productReference = 35767CCB2AB0B11500369834 /* VLCKitOpusSeekDemo.app */;
			productType = "com.apple.product-type.application";
		};
/* End PBXNativeTarget section */

/* Begin PBXProject section */
		352B93002AB0B0A2004602BA /* Project object */ = {
			isa = PBXProject;
			attributes = {
				BuildIndependentTargetsInParallel = 1;
				LastSwiftUpdateCheck = 1430;
				LastUpgradeCheck = 1430;
				TargetAttributes = {
					35767CCA2AB0B11500369834 = {
						CreatedOnToolsVersion = 14.3.1;
					};
				};
			};
			buildConfigurationList = 352B93032AB0B0A2004602BA /* Build configuration list for PBXProject "VLCKitOpusSeekDemo" */;
			compatibilityVersion = "Xcode 14.0";
			developmentRegion = en;
			hasScannedForEncodings = 0;
			knownRegions = (
				en,
				Base,
			);
			mainGroup = 352B92FF2AB0B0A2004602BA;
			productRefGroup = 352B93092AB0B0A2004602BA /* Products */;
			projectDirPath = "";
			projectRoot = "";
			targets = (
				35767CCA2AB0B11500369834 /* VLCKitOpusSeekDemo */,
			);
		};
/* End PBXProject section */

/* Begin PBXResourcesBuildPhase section */
		35767CC92AB0B11500369834 /* Resources */ = {
			isa = PBXResourcesBuildPhase;
			buildActionMask = 2147483647;
			files = (
				35767CDD2AB0C60800369834 /* ehren-paper_lights-96.opus in Resources */,
				35767CD62AB0B11500369834 /* Preview Assets.xcassets in Resources */,
				35767CD22AB0B11500369834 /* Assets.xcassets in Resources */,
				35767CDE2AB0C60800369834 /* ehren-paper_lights-96.LICENSE in Resources */,
			);
			runOnlyForDeploymentPostprocessing = 0;
		};
/* End PBXResourcesBuildPhase section */

/* Begin PBXShellScriptBuildPhase section */
		2875A2C49204D4008A32E91E /* [CP] Check Pods Manifest.lock */ = {
			isa = PBXShellScriptBuildPhase;
			buildActionMask = 2147483647;
			files = (
			);
			inputFileListPaths = (
			);
			inputPaths = (
				"${PODS_PODFILE_DIR_PATH}/Podfile.lock",
				"${PODS_ROOT}/Manifest.lock",
			);
			name = "[CP] Check Pods Manifest.lock";
			outputFileListPaths = (
			);
			outputPaths = (
				"$(DERIVED_FILE_DIR)/Pods-VLCKitOpusSeekDemo-checkManifestLockResult.txt",
			);
			runOnlyForDeploymentPostprocessing = 0;
			shellPath = /bin/sh;
			shellScript = "diff \"${PODS_PODFILE_DIR_PATH}/Podfile.lock\" \"${PODS_ROOT}/Manifest.lock\" > /dev/null\nif [ $? != 0 ] ; then\n    # print error to STDERR\n    echo \"error: The sandbox is not in sync with the Podfile.lock. Run 'pod install' or update your CocoaPods installation.\" >&2\n    exit 1\nfi\n# This output is used by Xcode 'outputs' to avoid re-running this script phase.\necho \"SUCCESS\" > \"${SCRIPT_OUTPUT_FILE_0}\"\n";
			showEnvVarsInLog = 0;
		};
		537AD3DC240D53F637D429CA /* [CP] Embed Pods Frameworks */ = {
			isa = PBXShellScriptBuildPhase;
			buildActionMask = 2147483647;
			files = (
			);
			inputFileListPaths = (
				"${PODS_ROOT}/Target Support Files/Pods-VLCKitOpusSeekDemo/Pods-VLCKitOpusSeekDemo-frameworks-${CONFIGURATION}-input-files.xcfilelist",
			);
			name = "[CP] Embed Pods Frameworks";
			outputFileListPaths = (
				"${PODS_ROOT}/Target Support Files/Pods-VLCKitOpusSeekDemo/Pods-VLCKitOpusSeekDemo-frameworks-${CONFIGURATION}-output-files.xcfilelist",
			);
			runOnlyForDeploymentPostprocessing = 0;
			shellPath = /bin/sh;
			shellScript = "\"${PODS_ROOT}/Target Support Files/Pods-VLCKitOpusSeekDemo/Pods-VLCKitOpusSeekDemo-frameworks.sh\"\n";
			showEnvVarsInLog = 0;
		};
/* End PBXShellScriptBuildPhase section */

/* Begin PBXSourcesBuildPhase section */
		35767CC72AB0B11500369834 /* Sources */ = {
			isa = PBXSourcesBuildPhase;
			buildActionMask = 2147483647;
			files = (
				35767CD02AB0B11500369834 /* ContentView.swift in Sources */,
				35767CCE2AB0B11500369834 /* VLCKitOpusSeekDemoApp.swift in Sources */,
			);
			runOnlyForDeploymentPostprocessing = 0;
		};
/* End PBXSourcesBuildPhase section */

/* Begin XCBuildConfiguration section */
		352B931F2AB0B0A3004602BA /* Debug */ = {
			isa = XCBuildConfiguration;
			buildSettings = {
				ALWAYS_SEARCH_USER_PATHS = NO;
				CLANG_ANALYZER_NONNULL = YES;
				CLANG_ANALYZER_NUMBER_OBJECT_CONVERSION = YES_AGGRESSIVE;
				CLANG_CXX_LANGUAGE_STANDARD = "gnu++20";
				CLANG_ENABLE_MODULES = YES;
				CLANG_ENABLE_OBJC_ARC = YES;
				CLANG_ENABLE_OBJC_WEAK = YES;
				CLANG_WARN_BLOCK_CAPTURE_AUTORELEASING = YES;
				CLANG_WARN_BOOL_CONVERSION = YES;
				CLANG_WARN_COMMA = YES;
				CLANG_WARN_CONSTANT_CONVERSION = YES;
				CLANG_WARN_DEPRECATED_OBJC_IMPLEMENTATIONS = YES;
				CLANG_WARN_DIRECT_OBJC_ISA_USAGE = YES_ERROR;
				CLANG_WARN_DOCUMENTATION_COMMENTS = YES;
				CLANG_WARN_EMPTY_BODY = YES;
				CLANG_WARN_ENUM_CONVERSION = YES;
				CLANG_WARN_INFINITE_RECURSION = YES;
				CLANG_WARN_INT_CONVERSION = YES;
				CLANG_WARN_NON_LITERAL_NULL_CONVERSION = YES;
				CLANG_WARN_OBJC_IMPLICIT_RETAIN_SELF = YES;
				CLANG_WARN_OBJC_LITERAL_CONVERSION = YES;
				CLANG_WARN_OBJC_ROOT_CLASS = YES_ERROR;
				CLANG_WARN_QUOTED_INCLUDE_IN_FRAMEWORK_HEADER = YES;
				CLANG_WARN_RANGE_LOOP_ANALYSIS = YES;
				CLANG_WARN_STRICT_PROTOTYPES = YES;
				CLANG_WARN_SUSPICIOUS_MOVE = YES;
				CLANG_WARN_UNGUARDED_AVAILABILITY = YES_AGGRESSIVE;
				CLANG_WARN_UNREACHABLE_CODE = YES;
				CLANG_WARN__DUPLICATE_METHOD_MATCH = YES;
				COPY_PHASE_STRIP = NO;
				DEBUG_INFORMATION_FORMAT = dwarf;
				ENABLE_STRICT_OBJC_MSGSEND = YES;
				ENABLE_TESTABILITY = YES;
				GCC_C_LANGUAGE_STANDARD = gnu11;
				GCC_DYNAMIC_NO_PIC = NO;
				GCC_NO_COMMON_BLOCKS = YES;
				GCC_OPTIMIZATION_LEVEL = 0;
				GCC_PREPROCESSOR_DEFINITIONS = (
					"DEBUG=1",
					"$(inherited)",
				);
				GCC_WARN_64_TO_32_BIT_CONVERSION = YES;
				GCC_WARN_ABOUT_RETURN_TYPE = YES_ERROR;
				GCC_WARN_UNDECLARED_SELECTOR = YES;
				GCC_WARN_UNINITIALIZED_AUTOS = YES_AGGRESSIVE;
				GCC_WARN_UNUSED_FUNCTION = YES;
				GCC_WARN_UNUSED_VARIABLE = YES;
				IPHONEOS_DEPLOYMENT_TARGET = 16.4;
				MTL_ENABLE_DEBUG_INFO = INCLUDE_SOURCE;
				MTL_FAST_MATH = YES;
				ONLY_ACTIVE_ARCH = YES;
				SDKROOT = iphoneos;
			};
			name = Debug;
		};
		352B93202AB0B0A3004602BA /* Release */ = {
			isa = XCBuildConfiguration;
			buildSettings = {
				ALWAYS_SEARCH_USER_PATHS = NO;
				CLANG_ANALYZER_NONNULL = YES;
				CLANG_ANALYZER_NUMBER_OBJECT_CONVERSION = YES_AGGRESSIVE;
				CLANG_CXX_LANGUAGE_STANDARD = "gnu++20";
				CLANG_ENABLE_MODULES = YES;
				CLANG_ENABLE_OBJC_ARC = YES;
				CLANG_ENABLE_OBJC_WEAK = YES;
				CLANG_WARN_BLOCK_CAPTURE_AUTORELEASING = YES;
				CLANG_WARN_BOOL_CONVERSION = YES;
				CLANG_WARN_COMMA = YES;
				CLANG_WARN_CONSTANT_CONVERSION = YES;
				CLANG_WARN_DEPRECATED_OBJC_IMPLEMENTATIONS = YES;
				CLANG_WARN_DIRECT_OBJC_ISA_USAGE = YES_ERROR;
				CLANG_WARN_DOCUMENTATION_COMMENTS = YES;
				CLANG_WARN_EMPTY_BODY = YES;
				CLANG_WARN_ENUM_CONVERSION = YES;
				CLANG_WARN_INFINITE_RECURSION = YES;
				CLANG_WARN_INT_CONVERSION = YES;
				CLANG_WARN_NON_LITERAL_NULL_CONVERSION = YES;
				CLANG_WARN_OBJC_IMPLICIT_RETAIN_SELF = YES;
				CLANG_WARN_OBJC_LITERAL_CONVERSION = YES;
				CLANG_WARN_OBJC_ROOT_CLASS = YES_ERROR;
				CLANG_WARN_QUOTED_INCLUDE_IN_FRAMEWORK_HEADER = YES;
				CLANG_WARN_RANGE_LOOP_ANALYSIS = YES;
				CLANG_WARN_STRICT_PROTOTYPES = YES;
				CLANG_WARN_SUSPICIOUS_MOVE = YES;
				CLANG_WARN_UNGUARDED_AVAILABILITY = YES_AGGRESSIVE;
				CLANG_WARN_UNREACHABLE_CODE = YES;
				CLANG_WARN__DUPLICATE_METHOD_MATCH = YES;
				COPY_PHASE_STRIP = NO;
				DEBUG_INFORMATION_FORMAT = "dwarf-with-dsym";
				ENABLE_NS_ASSERTIONS = NO;
				ENABLE_STRICT_OBJC_MSGSEND = YES;
				GCC_C_LANGUAGE_STANDARD = gnu11;
				GCC_NO_COMMON_BLOCKS = YES;
				GCC_WARN_64_TO_32_BIT_CONVERSION = YES;
				GCC_WARN_ABOUT_RETURN_TYPE = YES_ERROR;
				GCC_WARN_UNDECLARED_SELECTOR = YES;
				GCC_WARN_UNINITIALIZED_AUTOS = YES_AGGRESSIVE;
				GCC_WARN_UNUSED_FUNCTION = YES;
				GCC_WARN_UNUSED_VARIABLE = YES;
				IPHONEOS_DEPLOYMENT_TARGET = 16.4;
				MTL_ENABLE_DEBUG_INFO = NO;
				MTL_FAST_MATH = YES;
				SDKROOT = iphoneos;
				VALIDATE_PRODUCT = YES;
			};
			name = Release;
		};
		35767CD82AB0B11500369834 /* Debug */ = {
			isa = XCBuildConfiguration;
			baseConfigurationReference = 4858B4DFCDAF1EDD6847EEB6 /* Pods-VLCKitOpusSeekDemo.debug.xcconfig */;
			buildSettings = {
				ASSETCATALOG_COMPILER_APPICON_NAME = AppIcon;
				ASSETCATALOG_COMPILER_GLOBAL_ACCENT_COLOR_NAME = AccentColor;
				CODE_SIGN_ENTITLEMENTS = VLCKitOpusSeekDemo/VLCKitOpusSeekDemo.entitlements;
				CODE_SIGN_STYLE = Automatic;
				CURRENT_PROJECT_VERSION = 1;
				DEVELOPMENT_ASSET_PATHS = "\"VLCKitOpusSeekDemo/Preview Content\"";
				DEVELOPMENT_TEAM = SS8V8UGLY8;
				ENABLE_PREVIEWS = YES;
				GENERATE_INFOPLIST_FILE = YES;
				"INFOPLIST_KEY_UIApplicationSceneManifest_Generation[sdk=iphoneos*]" = YES;
				"INFOPLIST_KEY_UIApplicationSceneManifest_Generation[sdk=iphonesimulator*]" = YES;
				"INFOPLIST_KEY_UIApplicationSupportsIndirectInputEvents[sdk=iphoneos*]" = YES;
				"INFOPLIST_KEY_UIApplicationSupportsIndirectInputEvents[sdk=iphonesimulator*]" = YES;
				"INFOPLIST_KEY_UILaunchScreen_Generation[sdk=iphoneos*]" = YES;
				"INFOPLIST_KEY_UILaunchScreen_Generation[sdk=iphonesimulator*]" = YES;
				"INFOPLIST_KEY_UIStatusBarStyle[sdk=iphoneos*]" = UIStatusBarStyleDefault;
				"INFOPLIST_KEY_UIStatusBarStyle[sdk=iphonesimulator*]" = UIStatusBarStyleDefault;
				INFOPLIST_KEY_UISupportedInterfaceOrientations_iPad = "UIInterfaceOrientationPortrait UIInterfaceOrientationPortraitUpsideDown UIInterfaceOrientationLandscapeLeft UIInterfaceOrientationLandscapeRight";
				INFOPLIST_KEY_UISupportedInterfaceOrientations_iPhone = "UIInterfaceOrientationPortrait UIInterfaceOrientationLandscapeLeft UIInterfaceOrientationLandscapeRight";
				IPHONEOS_DEPLOYMENT_TARGET = 16.4;
				LD_RUNPATH_SEARCH_PATHS = "@executable_path/Frameworks";
				"LD_RUNPATH_SEARCH_PATHS[sdk=macosx*]" = "@executable_path/../Frameworks";
				MACOSX_DEPLOYMENT_TARGET = 13.3;
				MARKETING_VERSION = 1.0;
				PRODUCT_BUNDLE_IDENTIFIER = dev.fwcd.VLCKitOpusSeekDemo;
				PRODUCT_NAME = "$(TARGET_NAME)";
				SDKROOT = auto;
				SUPPORTED_PLATFORMS = "iphoneos iphonesimulator macosx";
				SWIFT_ACTIVE_COMPILATION_CONDITIONS = DEBUG;
				SWIFT_EMIT_LOC_STRINGS = YES;
				SWIFT_OPTIMIZATION_LEVEL = "-Onone";
				SWIFT_VERSION = 5.0;
				TARGETED_DEVICE_FAMILY = "1,2";
			};
			name = Debug;
		};
		35767CD92AB0B11500369834 /* Release */ = {
			isa = XCBuildConfiguration;
			baseConfigurationReference = DADFA269C59617178A263728 /* Pods-VLCKitOpusSeekDemo.release.xcconfig */;
			buildSettings = {
				ASSETCATALOG_COMPILER_APPICON_NAME = AppIcon;
				ASSETCATALOG_COMPILER_GLOBAL_ACCENT_COLOR_NAME = AccentColor;
				CODE_SIGN_ENTITLEMENTS = VLCKitOpusSeekDemo/VLCKitOpusSeekDemo.entitlements;
				CODE_SIGN_STYLE = Automatic;
				CURRENT_PROJECT_VERSION = 1;
				DEVELOPMENT_ASSET_PATHS = "\"VLCKitOpusSeekDemo/Preview Content\"";
				DEVELOPMENT_TEAM = SS8V8UGLY8;
				ENABLE_PREVIEWS = YES;
				GENERATE_INFOPLIST_FILE = YES;
				"INFOPLIST_KEY_UIApplicationSceneManifest_Generation[sdk=iphoneos*]" = YES;
				"INFOPLIST_KEY_UIApplicationSceneManifest_Generation[sdk=iphonesimulator*]" = YES;
				"INFOPLIST_KEY_UIApplicationSupportsIndirectInputEvents[sdk=iphoneos*]" = YES;
				"INFOPLIST_KEY_UIApplicationSupportsIndirectInputEvents[sdk=iphonesimulator*]" = YES;
				"INFOPLIST_KEY_UILaunchScreen_Generation[sdk=iphoneos*]" = YES;
				"INFOPLIST_KEY_UILaunchScreen_Generation[sdk=iphonesimulator*]" = YES;
				"INFOPLIST_KEY_UIStatusBarStyle[sdk=iphoneos*]" = UIStatusBarStyleDefault;
				"INFOPLIST_KEY_UIStatusBarStyle[sdk=iphonesimulator*]" = UIStatusBarStyleDefault;
				INFOPLIST_KEY_UISupportedInterfaceOrientations_iPad = "UIInterfaceOrientationPortrait UIInterfaceOrientationPortraitUpsideDown UIInterfaceOrientationLandscapeLeft UIInterfaceOrientationLandscapeRight";
				INFOPLIST_KEY_UISupportedInterfaceOrientations_iPhone = "UIInterfaceOrientationPortrait UIInterfaceOrientationLandscapeLeft UIInterfaceOrientationLandscapeRight";
				IPHONEOS_DEPLOYMENT_TARGET = 16.4;
				LD_RUNPATH_SEARCH_PATHS = "@executable_path/Frameworks";
				"LD_RUNPATH_SEARCH_PATHS[sdk=macosx*]" = "@executable_path/../Frameworks";
				MACOSX_DEPLOYMENT_TARGET = 13.3;
				MARKETING_VERSION = 1.0;
				PRODUCT_BUNDLE_IDENTIFIER = dev.fwcd.VLCKitOpusSeekDemo;
				PRODUCT_NAME = "$(TARGET_NAME)";
				SDKROOT = auto;
				SUPPORTED_PLATFORMS = "iphoneos iphonesimulator macosx";
				SWIFT_COMPILATION_MODE = wholemodule;
				SWIFT_EMIT_LOC_STRINGS = YES;
				SWIFT_OPTIMIZATION_LEVEL = "-O";
				SWIFT_VERSION = 5.0;
				TARGETED_DEVICE_FAMILY = "1,2";
			};
			name = Release;
		};
/* End XCBuildConfiguration section */

/* Begin XCConfigurationList section */
		352B93032AB0B0A2004602BA /* Build configuration list for PBXProject "VLCKitOpusSeekDemo" */ = {
			isa = XCConfigurationList;
			buildConfigurations = (
				352B931F2AB0B0A3004602BA /* Debug */,
				352B93202AB0B0A3004602BA /* Release */,
			);
			defaultConfigurationIsVisible = 0;
			defaultConfigurationName = Release;
		};
		35767CD72AB0B11500369834 /* Build configuration list for PBXNativeTarget "VLCKitOpusSeekDemo" */ = {
			isa = XCConfigurationList;
			buildConfigurations = (
				35767CD82AB0B11500369834 /* Debug */,
				35767CD92AB0B11500369834 /* Release */,
			);
			defaultConfigurationIsVisible = 0;
			defaultConfigurationName = Release;
		};
/* End XCConfigurationList section */
	};
	rootObject = 352B93002AB0B0A2004602BA /* Project object */;
}
